
Microsoft Visual Studio Solution File, Format Version 12.00
# Visual Studio Version 17
VisualStudioVersion = 17.0.32014.148
MinimumVisualStudioVersion = 10.0.40219.1
Project("{FAE04EC0-301F-11D3-BF4B-00C04F79EFBC}") = "OOPGroupDemo02", "OOPGroupDemo02\OOPGroupDemo02.csproj", "{194F1481-B5C8-4B7E-9A38-38B6D63C0B34}"
EndProject
Global
	GlobalSection(SolutionConfigurationPlatforms) = preSolution
		Debug|Any CPU = Debug|Any CPU
		Release|Any CPU = Release|Any CPU
	EndGlobalSection
	GlobalSection(ProjectConfigurationPlatforms) = postSolution
		{194F1481-B5C8-4B7E-9A38-38B6D63C0B34}.Debug|Any CPU.ActiveCfg = Debug|Any CPU
		{194F1481-B5C8-4B7E-9A38-38B6D63C0B34}.Debug|Any CPU.Build.0 = Debug|Any CPU
		{194F1481-B5C8-4B7E-9A38-38B6D63C0B34}.Release|Any CPU.ActiveCfg = Release|Any CPU
		{194F1481-B5C8-4B7E-9A38-38B6D63C0B34}.Release|Any CPU.Build.0 = Release|Any CPU
	EndGlobalSection
	GlobalSection(SolutionProperties) = preSolution
		HideSolutionNode = FALSE
	EndGlobalSection
	GlobalSection(ExtensibilityGlobals) = postSolution
		SolutionGuid = {84BEDBAC-439D-415E-8D2D-66AE5838917F}
	EndGlobalSection
EndGlobal
